{
  "nodes": {
    "nixpkgs": {
      "locked": {
        "lastModified": 1733326450,
        "narHash": "sha256-hBG6Ix5ZzXCJoanrPOLtQRalYv6nnDu9AZeamRfjKJ8=",
        "owner": "NixOS",
        "repo": "nixpkgs",
        "rev": "f9ef77eb704d063bfbff7f04531a0b325cc1a18f",
        "type": "github"
      },
      "original": {
        "owner": "NixOS",
        "ref": "nixpkgs-24.11-darwin",
        "repo": "nixpkgs",
        "type": "github"
      }
    },
    "root": {
      "inputs": {
        "nixpkgs": "nixpkgs"
      }
    }
  },
  "root": "root",
  "version": 7
}
